
Microsoft Visual Studio Solution File, Format Version 12.00
# Visual Studio Version 17
VisualStudioVersion = 17.4.33205.214
MinimumVisualStudioVersion = 10.0.40219.1
Project("{9A19103F-16F7-4668-BE54-9A1E7A4F7556}") = "BlazorDynamicIndex", "BlazorDynamicIndex\BlazorDynamicIndex.csproj", "{3ADB90B7-FADD-4C2F-B628-E274B3DF50EE}"
EndProject
Project("{2150E333-8FDC-42A3-9474-1A3956D46DE8}") = "Demo", "Demo", "{49889690-31F4-42A5-B57B-B774B900CBB1}"
EndProject
Project("{FAE04EC0-301F-11D3-BF4B-00C04F79EFBC}") = "DemoApp.Server", "DemoApp\Server\DemoApp.Server.csproj", "{F25E2D5F-0297-474E-9570-6A56B0387548}"
EndProject
Project("{FAE04EC0-301F-11D3-BF4B-00C04F79EFBC}") = "DemoApp.Client", "DemoApp\Client\DemoApp.Client.csproj", "{4E04462B-4F6D-4D2B-9D9A-B32F8DB48948}"
EndProject
Project("{FAE04EC0-301F-11D3-BF4B-00C04F79EFBC}") = "DemoApp.Shared", "DemoApp\Shared\DemoApp.Shared.csproj", "{3ED3DC79-7CBB-4436-9764-C18D53532D64}"
EndProject
Project("{FAE04EC0-301F-11D3-BF4B-00C04F79EFBC}") = "DemoApp.Styles", "DemoApp.Styles\DemoApp.Styles.csproj", "{989C7D16-E5A5-4520-95E4-46940D0FBA41}"
EndProject
Global
	GlobalSection(SolutionConfigurationPlatforms) = preSolution
		Debug|Any CPU = Debug|Any CPU
		Release|Any CPU = Release|Any CPU
	EndGlobalSection
	GlobalSection(ProjectConfigurationPlatforms) = postSolution
		{3ADB90B7-FADD-4C2F-B628-E274B3DF50EE}.Debug|Any CPU.ActiveCfg = Debug|Any CPU
		{3ADB90B7-FADD-4C2F-B628-E274B3DF50EE}.Debug|Any CPU.Build.0 = Debug|Any CPU
		{3ADB90B7-FADD-4C2F-B628-E274B3DF50EE}.Release|Any CPU.ActiveCfg = Release|Any CPU
		{3ADB90B7-FADD-4C2F-B628-E274B3DF50EE}.Release|Any CPU.Build.0 = Release|Any CPU
		{F25E2D5F-0297-474E-9570-6A56B0387548}.Debug|Any CPU.ActiveCfg = Debug|Any CPU
		{F25E2D5F-0297-474E-9570-6A56B0387548}.Debug|Any CPU.Build.0 = Debug|Any CPU
		{F25E2D5F-0297-474E-9570-6A56B0387548}.Release|Any CPU.ActiveCfg = Release|Any CPU
		{F25E2D5F-0297-474E-9570-6A56B0387548}.Release|Any CPU.Build.0 = Release|Any CPU
		{4E04462B-4F6D-4D2B-9D9A-B32F8DB48948}.Debug|Any CPU.ActiveCfg = Debug|Any CPU
		{4E04462B-4F6D-4D2B-9D9A-B32F8DB48948}.Debug|Any CPU.Build.0 = Debug|Any CPU
		{4E04462B-4F6D-4D2B-9D9A-B32F8DB48948}.Release|Any CPU.ActiveCfg = Release|Any CPU
		{4E04462B-4F6D-4D2B-9D9A-B32F8DB48948}.Release|Any CPU.Build.0 = Release|Any CPU
		{3ED3DC79-7CBB-4436-9764-C18D53532D64}.Debug|Any CPU.ActiveCfg = Debug|Any CPU
		{3ED3DC79-7CBB-4436-9764-C18D53532D64}.Debug|Any CPU.Build.0 = Debug|Any CPU
		{3ED3DC79-7CBB-4436-9764-C18D53532D64}.Release|Any CPU.ActiveCfg = Release|Any CPU
		{3ED3DC79-7CBB-4436-9764-C18D53532D64}.Release|Any CPU.Build.0 = Release|Any CPU
		{989C7D16-E5A5-4520-95E4-46940D0FBA41}.Debug|Any CPU.ActiveCfg = Debug|Any CPU
		{989C7D16-E5A5-4520-95E4-46940D0FBA41}.Debug|Any CPU.Build.0 = Debug|Any CPU
		{989C7D16-E5A5-4520-95E4-46940D0FBA41}.Release|Any CPU.ActiveCfg = Release|Any CPU
		{989C7D16-E5A5-4520-95E4-46940D0FBA41}.Release|Any CPU.Build.0 = Release|Any CPU
	EndGlobalSection
	GlobalSection(SolutionProperties) = preSolution
		HideSolutionNode = FALSE
	EndGlobalSection
	GlobalSection(NestedProjects) = preSolution
		{F25E2D5F-0297-474E-9570-6A56B0387548} = {49889690-31F4-42A5-B57B-B774B900CBB1}
		{4E04462B-4F6D-4D2B-9D9A-B32F8DB48948} = {49889690-31F4-42A5-B57B-B774B900CBB1}
		{3ED3DC79-7CBB-4436-9764-C18D53532D64} = {49889690-31F4-42A5-B57B-B774B900CBB1}
		{989C7D16-E5A5-4520-95E4-46940D0FBA41} = {49889690-31F4-42A5-B57B-B774B900CBB1}
	EndGlobalSection
	GlobalSection(ExtensibilityGlobals) = postSolution
		SolutionGuid = {A8AF927B-1EF2-446A-BD7C-B28731F7C283}
	EndGlobalSection
EndGlobal
